{
  "_meta": {
    "file-type": "spack-lockfile",
    "lockfile-version": 4,
    "specfile-version": 3
  },
  "roots": [
    {
      "hash": "dwlaaaedywmkwmhyk4jrv3j2o47we5zi",
      "spec": "dttop ^dtbuild1@0.5"
    },
    {
      "hash": "ghf2t3hn4g2he4pykcrhpdiejmxvakr6",
      "spec": "dttop ^dtbuild1@1.0"
    }
  ],
  "concrete_specs": {
    "dwlaaaedywmkwmhyk4jrv3j2o47we5zi": {
      "name": "dttop",
      "version": "1.0",
      "arch": {
        "platform": "test",
        "platform_os": "debian6",
        "target": {
          "name": "core2",
          "vendor": "GenuineIntel",
          "features": [
            "mmx",
            "sse",
            "sse2",
            "ssse3"
          ],
          "generation": 0,
          "parents": [
            "nocona"
          ]
        }
      },
      "compiler": {
        "name": "gcc",
        "version": "4.5.0"
      },
      "namespace": "builtin.mock",
      "parameters": {
        "cflags": [],
        "cppflags": [],
        "cxxflags": [],
        "fflags": [],
        "ldflags": [],
        "ldlibs": []
      },
      "package_hash": "5gmtojl7xetzgi42zfq2skg7tkybbz6zs4ftjb3hywzr2enkw46a====",
      "dependencies": [
        {
          "name": "dtbuild1",
          "hash": "ggnc5jconw4gtfabh6md6kthykhrelrr",
          "type": [
            "build"
          ]
        },
        {
          "name": "dtlink1",
          "hash": "icnkoetn7z7fnhmo2hjwzaf5g4ab5zc4",
          "type": [
            "build",
            "link"
          ]
        },
        {
          "name": "dtrun1",
          "hash": "qkjdqoiridt62zod2o2m5ac22yy2253g",
          "type": [
            "run"
          ]
        }
      ],
      "hash": "dwlaaaedywmkwmhyk4jrv3j2o47we5zi"
    },
    "ggnc5jconw4gtfabh6md6kthykhrelrr": {
      "name": "dtbuild1",
      "version": "0.5",
      "arch": {
        "platform": "test",
        "platform_os": "debian6",
        "target": {
          "name": "core2",
          "vendor": "GenuineIntel",
          "features": [
            "mmx",
            "sse",
            "sse2",
            "ssse3"
          ],
          "generation": 0,
          "parents": [
            "nocona"
          ]
        }
      },
      "compiler": {
        "name": "gcc",
        "version": "4.5.0"
      },
      "namespace": "builtin.mock",
      "parameters": {
        "cflags": [],
        "cppflags": [],
        "cxxflags": [],
        "fflags": [],
        "ldflags": [],
        "ldlibs": []
      },
      "package_hash": "d5crmjiqzvvez5lj54furriddjc5anmjjwgcpnnndmroqb6rij6q====",
      "dependencies": [
        {
          "name": "dtbuild2",
          "hash": "oauppyh7cq4txplujpz4xxbtqzzj3sgp",
          "type": [
            "build"
          ]
        },
        {
          "name": "dtlink2",
          "hash": "lvovgvlfetj4io76c6hchesvwmwohco6",
          "type": [
            "build",
            "link"
          ]
        },
        {
          "name": "dtrun2",
          "hash": "mvmz4lsxzxwkwwd3u6xqt5o6z3iaws6a",
          "type": [
            "run"
          ]
        }
      ],
      "hash": "ggnc5jconw4gtfabh6md6kthykhrelrr"
    },
    "oauppyh7cq4txplujpz4xxbtqzzj3sgp": {
      "name": "dtbuild2",
      "version": "1.0",
      "arch": {
        "platform": "test",
        "platform_os": "debian6",
        "target": {
          "name": "core2",
          "vendor": "GenuineIntel",
          "features": [
            "mmx",
            "sse",
            "sse2",
            "ssse3"
          ],
          "generation": 0,
          "parents": [
            "nocona"
          ]
        }
      },
      "compiler": {
        "name": "gcc",
        "version": "4.5.0"
      },
      "namespace": "builtin.mock",
      "parameters": {
        "cflags": [],
        "cppflags": [],
        "cxxflags": [],
        "fflags": [],
        "ldflags": [],
        "ldlibs": []
      },
      "package_hash": "kpm3jtu6ahgggqovbqpgbrdkiiaivrm6gazlspo2e3ksjz3ukfoa====",
      "hash": "oauppyh7cq4txplujpz4xxbtqzzj3sgp"
    },
    "lvovgvlfetj4io76c6hchesvwmwohco6": {
      "name": "dtlink2",
      "version": "1.0",
      "arch": {
        "platform": "test",
        "platform_os": "debian6",
        "target": {
          "name": "core2",
          "vendor": "GenuineIntel",
          "features": [
            "mmx",
            "sse",
            "sse2",
            "ssse3"
          ],
          "generation": 0,
          "parents": [
            "nocona"
          ]
        }
      },
      "compiler": {
        "name": "gcc",
        "version": "4.5.0"
      },
      "namespace": "builtin.mock",
      "parameters": {
        "cflags": [],
        "cppflags": [],
        "cxxflags": [],
        "fflags": [],
        "ldflags": [],
        "ldlibs": []
      },
      "package_hash": "l5qksehvmfr3lgacf4hxlornx2okks2kndcskbyst46u7e3booyq====",
      "hash": "lvovgvlfetj4io76c6hchesvwmwohco6"
    },
    "mvmz4lsxzxwkwwd3u6xqt5o6z3iaws6a": {
      "name": "dtrun2",
      "version": "1.0",
      "arch": {
        "platform": "test",
        "platform_os": "debian6",
        "target": {
          "name": "core2",
          "vendor": "GenuineIntel",
          "features": [
            "mmx",
            "sse",
            "sse2",
            "ssse3"
          ],
          "generation": 0,
          "parents": [
            "nocona"
          ]
        }
      },
      "compiler": {
        "name": "gcc",
        "version": "4.5.0"
      },
      "namespace": "builtin.mock",
      "parameters": {
        "cflags": [],
        "cppflags": [],
        "cxxflags": [],
        "fflags": [],
        "ldflags": [],
        "ldlibs": []
      },
      "package_hash": "7nax4z7hvxdvqies2aq43skrlbak3kpndjbsehydxctitp4mdfmq====",
      "hash": "mvmz4lsxzxwkwwd3u6xqt5o6z3iaws6a"
    },
    "icnkoetn7z7fnhmo2hjwzaf5g4ab5zc4": {
      "name": "dtlink1",
      "version": "1.0",
      "arch": {
        "platform": "test",
        "platform_os": "debian6",
        "target": {
          "name": "core2",
          "vendor": "GenuineIntel",
          "features": [
            "mmx",
            "sse",
            "sse2",
            "ssse3"
          ],
          "generation": 0,
          "parents": [
            "nocona"
          ]
        }
      },
      "compiler": {
        "name": "gcc",
        "version": "4.5.0"
      },
      "namespace": "builtin.mock",
      "parameters": {
        "cflags": [],
        "cppflags": [],
        "cxxflags": [],
        "fflags": [],
        "ldflags": [],
        "ldlibs": []
      },
      "package_hash": "3l2opuo4tgvk3mueamihpopfslbfyr5iuczacqsnotlcqejmcslq====",
      "dependencies": [
        {
          "name": "dtlink3",
          "hash": "bjutz3a4tpnv32kvrqrutirhjfpq7jvo",
          "type": [
            "build",
            "link"
          ]
        }
      ],
      "hash": "icnkoetn7z7fnhmo2hjwzaf5g4ab5zc4"
    },
    "bjutz3a4tpnv32kvrqrutirhjfpq7jvo": {
      "name": "dtlink3",
      "version": "1.0",
      "arch": {
        "platform": "test",
        "platform_os": "debian6",
        "target": {
          "name": "core2",
          "vendor": "GenuineIntel",
          "features": [
            "mmx",
            "sse",
            "sse2",
            "ssse3"
          ],
          "generation": 0,
          "parents": [
            "nocona"
          ]
        }
      },
      "compiler": {
        "name": "gcc",
        "version": "4.5.0"
      },
      "namespace": "builtin.mock",
      "parameters": {
        "cflags": [],
        "cppflags": [],
        "cxxflags": [],
        "fflags": [],
        "ldflags": [],
        "ldlibs": []
      },
      "package_hash": "trfc5jm2bwfccw7wclhwb7texrau7faalovu5ztu542fnriukjxa====",
      "dependencies": [
        {
          "name": "dtbuild2",
          "hash": "oauppyh7cq4txplujpz4xxbtqzzj3sgp",
          "type": [
            "build"
          ]
        },
        {
          "name": "dtlink4",
          "hash": "3ba6exrunw7mpie4bvid4qlkcj2mnxfp",
          "type": [
            "build",
            "link"
          ]
        }
      ],
      "hash": "bjutz3a4tpnv32kvrqrutirhjfpq7jvo"
    },
    "3ba6exrunw7mpie4bvid4qlkcj2mnxfp": {
      "name": "dtlink4",
      "version": "1.0",
      "arch": {
        "platform": "test",
        "platform_os": "debian6",
        "target": {
          "name": "core2",
          "vendor": "GenuineIntel",
          "features": [
            "mmx",
            "sse",
            "sse2",
            "ssse3"
          ],
          "generation": 0,
          "parents": [
            "nocona"
          ]
        }
      },
      "compiler": {
        "name": "gcc",
        "version": "4.5.0"
      },
      "namespace": "builtin.mock",
      "parameters": {
        "cflags": [],
        "cppflags": [],
        "cxxflags": [],
        "fflags": [],
        "ldflags": [],
        "ldlibs": []
      },
      "package_hash": "hhvqfoornixvjb7rk6l6qhkpaxcj4nmhyir5xrx5v5fd3pfixzfq====",
      "hash": "3ba6exrunw7mpie4bvid4qlkcj2mnxfp"
    },
    "qkjdqoiridt62zod2o2m5ac22yy2253g": {
      "name": "dtrun1",
      "version": "1.0",
      "arch": {
        "platform": "test",
        "platform_os": "debian6",
        "target": {
          "name": "core2",
          "vendor": "GenuineIntel",
          "features": [
            "mmx",
            "sse",
            "sse2",
            "ssse3"
          ],
          "generation": 0,
          "parents": [
            "nocona"
          ]
        }
      },
      "compiler": {
        "name": "gcc",
        "version": "4.5.0"
      },
      "namespace": "builtin.mock",
      "parameters": {
        "cflags": [],
        "cppflags": [],
        "cxxflags": [],
        "fflags": [],
        "ldflags": [],
        "ldlibs": []
      },
      "package_hash": "gv7hujxzr5txig4b76se7ftxca3y4ccfvk7idg3fya5q2mnyvvia====",
      "dependencies": [
        {
          "name": "dtlink5",
          "hash": "s5pcniwpb36ax54rribwpmcbawvwyz6h",
          "type": [
            "build",
            "link"
          ]
        },
        {
          "name": "dtrun3",
          "hash": "a62odyuwzoemzyjro4tsy6nemcgybszn",
          "type": [
            "run"
          ]
        }
      ],
      "hash": "qkjdqoiridt62zod2o2m5ac22yy2253g"
    },
    "s5pcniwpb36ax54rribwpmcbawvwyz6h": {
      "name": "dtlink5",
      "version": "1.0",
      "arch": {
        "platform": "test",
        "platform_os": "debian6",
        "target": {
          "name": "core2",
          "vendor": "GenuineIntel",
          "features": [
            "mmx",
            "sse",
            "sse2",
            "ssse3"
          ],
          "generation": 0,
          "parents": [
            "nocona"
          ]
        }
      },
      "compiler": {
        "name": "gcc",
        "version": "4.5.0"
      },
      "namespace": "builtin.mock",
      "parameters": {
        "cflags": [],
        "cppflags": [],
        "cxxflags": [],
        "fflags": [],
        "ldflags": [],
        "ldlibs": []
      },
      "package_hash": "4ynfb4tduq7t5j2ygsnswael5xbqx5pgrshwlqzirs4rtjy6juca====",
      "hash": "s5pcniwpb36ax54rribwpmcbawvwyz6h"
    },
    "a62odyuwzoemzyjro4tsy6nemcgybszn": {
      "name": "dtrun3",
      "version": "1.0",
      "arch": {
        "platform": "test",
        "platform_os": "debian6",
        "target": {
          "name": "core2",
          "vendor": "GenuineIntel",
          "features": [
            "mmx",
            "sse",
            "sse2",
            "ssse3"
          ],
          "generation": 0,
          "parents": [
            "nocona"
          ]
        }
      },
      "compiler": {
        "name": "gcc",
        "version": "4.5.0"
      },
      "namespace": "builtin.mock",
      "parameters": {
        "cflags": [],
        "cppflags": [],
        "cxxflags": [],
        "fflags": [],
        "ldflags": [],
        "ldlibs": []
      },
      "package_hash": "osmyohdm7m5s3btxac7keydq2ud5u3rf53lhwdlek7nlyuw4v3jq====",
      "dependencies": [
        {
          "name": "dtbuild3",
          "hash": "shxoxqamhtkzwolxn27ilbao7un6z4lo",
          "type": [
            "build"
          ]
        }
      ],
      "hash": "a62odyuwzoemzyjro4tsy6nemcgybszn"
    },
    "shxoxqamhtkzwolxn27ilbao7un6z4lo": {
      "name": "dtbuild3",
      "version": "1.0",
      "arch": {
        "platform": "test",
        "platform_os": "debian6",
        "target": {
          "name": "core2",
          "vendor": "GenuineIntel",
          "features": [
            "mmx",
            "sse",
            "sse2",
            "ssse3"
          ],
          "generation": 0,
          "parents": [
            "nocona"
          ]
        }
      },
      "compiler": {
        "name": "gcc",
        "version": "4.5.0"
      },
      "namespace": "builtin.mock",
      "parameters": {
        "cflags": [],
        "cppflags": [],
        "cxxflags": [],
        "fflags": [],
        "ldflags": [],
        "ldlibs": []
      },
      "package_hash": "re2udsqskcloihpxwfx4puj5m4m3uzpzc3wpo5t5rwdrasb2zwua====",
      "hash": "shxoxqamhtkzwolxn27ilbao7un6z4lo"
    },
    "ghf2t3hn4g2he4pykcrhpdiejmxvakr6": {
      "name": "dttop",
      "version": "1.0",
      "arch": {
        "platform": "test",
        "platform_os": "debian6",
        "target": {
          "name": "core2",
          "vendor": "GenuineIntel",
          "features": [
            "mmx",
            "sse",
            "sse2",
            "ssse3"
          ],
          "generation": 0,
          "parents": [
            "nocona"
          ]
        }
      },
      "compiler": {
        "name": "gcc",
        "version": "4.5.0"
      },
      "namespace": "builtin.mock",
      "parameters": {
        "cflags": [],
        "cppflags": [],
        "cxxflags": [],
        "fflags": [],
        "ldflags": [],
        "ldlibs": []
      },
      "package_hash": "5gmtojl7xetzgi42zfq2skg7tkybbz6zs4ftjb3hywzr2enkw46a====",
      "dependencies": [
        {
          "name": "dtbuild1",
          "hash": "d2kmjukopsujjzfi4y34lita5gieldir",
          "type": [
            "build"
          ]
        },
        {
          "name": "dtlink1",
          "hash": "icnkoetn7z7fnhmo2hjwzaf5g4ab5zc4",
          "type": [
            "build",
            "link"
          ]
        },
        {
          "name": "dtrun1",
          "hash": "qkjdqoiridt62zod2o2m5ac22yy2253g",
          "type": [
            "run"
          ]
        }
      ],
      "hash": "ghf2t3hn4g2he4pykcrhpdiejmxvakr6"
    },
    "d2kmjukopsujjzfi4y34lita5gieldir": {
      "name": "dtbuild1",
      "version": "1.0",
      "arch": {
        "platform": "test",
        "platform_os": "debian6",
        "target": {
          "name": "core2",
          "vendor": "GenuineIntel",
          "features": [
            "mmx",
            "sse",
            "sse2",
            "ssse3"
          ],
          "generation": 0,
          "parents": [
            "nocona"
          ]
        }
      },
      "compiler": {
        "name": "gcc",
        "version": "4.5.0"
      },
      "namespace": "builtin.mock",
      "parameters": {
        "cflags": [],
        "cppflags": [],
        "cxxflags": [],
        "fflags": [],
        "ldflags": [],
        "ldlibs": []
      },
      "package_hash": "vmhtki6lfs3vf37isljxvx3al2s6jhatoard36zbu3czwkk72f5q====",
      "dependencies": [
        {
          "name": "dtbuild2",
          "hash": "oauppyh7cq4txplujpz4xxbtqzzj3sgp",
          "type": [
            "build"
          ]
        },
        {
          "name": "dtlink2",
          "hash": "lvovgvlfetj4io76c6hchesvwmwohco6",
          "type": [
            "build",
            "link"
          ]
        },
        {
          "name": "dtrun2",
          "hash": "mvmz4lsxzxwkwwd3u6xqt5o6z3iaws6a",
          "type": [
            "run"
          ]
        }
      ],
      "hash": "d2kmjukopsujjzfi4y34lita5gieldir"
    }
  }
}